// !$*UTF8*$!
{
	archiveVersion = 1;
	classes = {
	};
	objectVersion = 48;
	objects = {

/* Begin PBXBuildFile section */
		4C20219B1FA2434A002F7EE8 /* AppDelegate.swift in Sources */ = {isa = PBXBuildFile; fileRef = 4C20219A1FA2434A002F7EE8 /* AppDelegate.swift */; };
		4C20219D1FA2434A002F7EE8 /* ViewController.swift in Sources */ = {isa = PBXBuildFile; fileRef = 4C20219C1FA2434A002F7EE8 /* ViewController.swift */; };
		4C2021A01FA2434A002F7EE8 /* Main.storyboard in Resources */ = {isa = PBXBuildFile; fileRef = 4C20219E1FA2434A002F7EE8 /* Main.storyboard */; };
		4C2021A21FA2434A002F7EE8 /* Assets.xcassets in Resources */ = {isa = PBXBuildFile; fileRef = 4C2021A11FA2434A002F7EE8 /* Assets.xcassets */; };
		4C2021A51FA2434A002F7EE8 /* LaunchScreen.storyboard in Resources */ = {isa = PBXBuildFile; fileRef = 4C2021A31FA2434A002F7EE8 /* LaunchScreen.storyboard */; };
/* End PBXBuildFile section */

/* Begin PBXFileReference section */
		4C2021971FA2434A002F7EE8 /* G57L10.app */ = {isa = PBXFileReference; explicitFileType = wrapper.application; includeInIndex = 0; path = G57L10.app; sourceTree = BUILT_PRODUCTS_DIR; };
		4C20219A1FA2434A002F7EE8 /* AppDelegate.swift */ = {isa = PBXFileReference; lastKnownFileType = sourcecode.swift; path = AppDelegate.swift; sourceTree = "<group>"; };
		4C20219C1FA2434A002F7EE8 /* ViewController.swift */ = {isa = PBXFileReference; lastKnownFileType = sourcecode.swift; path = ViewController.swift; sourceTree = "<group>"; };
		4C20219F1FA2434A002F7EE8 /* Base */ = {isa = PBXFileReference; lastKnownFileType = file.storyboard; name = Base; path = Base.lproj/Main.storyboard; sourceTree = "<group>"; };
		4C2021A11FA2434A002F7EE8 /* Assets.xcassets */ = {isa = PBXFileReference; lastKnownFileType = folder.assetcatalog; path = Assets.xcassets; sourceTree = "<group>"; };
		4C2021A41FA2434A002F7EE8 /* Base */ = {isa = PBXFileReference; lastKnownFileType = file.storyboard; name = Base; path = Base.lproj/LaunchScreen.storyboard; sourceTree = "<group>"; };
		4C2021A61FA2434A002F7EE8 /* Info.plist */ = {isa = PBXFileReference; lastKnownFileType = text.plist.xml; path = Info.plist; sourceTree = "<group>"; };
/* End PBXFileReference section */

/* Begin PBXFrameworksBuildPhase section */
		4C2021941FA2434A002F7EE8 /* Frameworks */ = {
			isa = PBXFrameworksBuildPhase;
			buildActionMask = 2147483647;
			files = (
			);
			runOnlyForDeploymentPostprocessing = 0;
		};
/* End PBXFrameworksBuildPhase section */

/* Begin PBXGroup section */
		4C20218E1FA2434A002F7EE8 = {
			isa = PBXGroup;
			children = (
				4C2021991FA2434A002F7EE8 /* G57L10 */,
				4C2021981FA2434A002F7EE8 /* Products */,
			);
			sourceTree = "<group>";
		};
		4C2021981FA2434A002F7EE8 /* Products */ = {
			isa = PBXGroup;
			children = (
				4C2021971FA2434A002F7EE8 /* G57L10.app */,
			);
			name = Products;
			sourceTree = "<group>";
		};
		4C2021991FA2434A002F7EE8 /* G57L10 */ = {
			isa = PBXGroup;
			children = (
				4C20219A1FA2434A002F7EE8 /* AppDelegate.swift */,
				4C20219C1FA2434A002F7EE8 /* ViewController.swift */,
				4C20219E1FA2434A002F7EE8 /* Main.storyboard */,
				4C2021A11FA2434A002F7EE8 /* Assets.xcassets */,
				4C2021A31FA2434A002F7EE8 /* LaunchScreen.storyboard */,
				4C2021A61FA2434A002F7EE8 /* Info.plist */,
			);
			path = G57L10;
			sourceTree = "<group>";
		};
/* End PBXGroup section */

/* Begin PBXNativeTarget section */
		4C2021961FA2434A002F7EE8 /* G57L10 */ = {
			isa = PBXNativeTarget;
			buildConfigurationList = 4C2021A91FA2434A002F7EE8 /* Build configuration list for PBXNativeTarget "G57L10" */;
			buildPhases = (
				4C2021931FA2434A002F7EE8 /* Sources */,
				4C2021941FA2434A002F7EE8 /* Frameworks */,
				4C2021951FA2434A002F7EE8 /* Resources */,
			);
			buildRules = (
			);
			dependencies = (
			);
			name = G57L10;
			productName = G57L10;
			productReference = 4C2021971FA2434A002F7EE8 /* G57L10.app */;
			productType = "com.apple.product-type.application";
		};
/* End PBXNativeTarget section */

/* Begin PBXProject section */
		4C20218F1FA2434A002F7EE8 /* Project object */ = {
			isa = PBXProject;
			attributes = {
				LastSwiftUpdateCheck = 0900;
				LastUpgradeCheck = 0900;
				ORGANIZATIONNAME = "Smoosh Labs";
				TargetAttributes = {
					4C2021961FA2434A002F7EE8 = {
						CreatedOnToolsVersion = 9.0.1;
						ProvisioningStyle = Automatic;
					};
				};
			};
			buildConfigurationList = 4C2021921FA2434A002F7EE8 /* Build configuration list for PBXProject "G57L10" */;
			compatibilityVersion = "Xcode 8.0";
			developmentRegion = en;
			hasScannedForEncodings = 0;
			knownRegions = (
				en,
				Base,
			);
			mainGroup = 4C20218E1FA2434A002F7EE8;
			productRefGroup = 4C2021981FA2434A002F7EE8 /* Products */;
			projectDirPath = "";
			projectRoot = "";
			targets = (
				4C2021961FA2434A002F7EE8 /* G57L10 */,
			);
		};
/* End PBXProject section */

/* Begin PBXResourcesBuildPhase section */
		4C2021951FA2434A002F7EE8 /* Resources */ = {
			isa = PBXResourcesBuildPhase;
			buildActionMask = 2147483647;
			files = (
				4C2021A51FA2434A002F7EE8 /* LaunchScreen.storyboard in Resources */,
				4C2021A21FA2434A002F7EE8 /* Assets.xcassets in Resources */,
				4C2021A01FA2434A002F7EE8 /* Main.storyboard in Resources */,
			);
			runOnlyForDeploymentPostprocessing = 0;
		};
/* End PBXResourcesBuildPhase section */

/* Begin PBXSourcesBuildPhase section */
		4C2021931FA2434A002F7EE8 /* Sources */ = {
			isa = PBXSourcesBuildPhase;
			buildActionMask = 2147483647;
			files = (
				4C20219D1FA2434A002F7EE8 /* ViewController.swift in Sources */,
				4C20219B1FA2434A002F7EE8 /* AppDelegate.swift in Sources */,
			);
			runOnlyForDeploymentPostprocessing = 0;
		};
/* End PBXSourcesBuildPhase section */

/* Begin PBXVariantGroup section */
		4C20219E1FA2434A002F7EE8 /* Main.storyboard */ = {
			isa = PBXVariantGroup;
			children = (
				4C20219F1FA2434A002F7EE8 /* Base */,
			);
			name = Main.storyboard;
			sourceTree = "<group>";
		};
		4C2021A31FA2434A002F7EE8 /* LaunchScreen.storyboard */ = {
			isa = PBXVariantGroup;
			children = (
				4C2021A41FA2434A002F7EE8 /* Base */,
			);
			name = LaunchScreen.storyboard;
			sourceTree = "<group>";
		};
/* End PBXVariantGroup section */

/* Begin XCBuildConfiguration section */
		4C2021A71FA2434A002F7EE8 /* Debug */ = {
			isa = XCBuildConfiguration;
			buildSettings = {
				ALWAYS_SEARCH_USER_PATHS = NO;
				CLANG_ANALYZER_NONNULL = YES;
				CLANG_ANALYZER_NUMBER_OBJECT_CONVERSION = YES_AGGRESSIVE;
				CLANG_CXX_LANGUAGE_STANDARD = "gnu++14";
				CLANG_CXX_LIBRARY = "libc++";
				CLANG_ENABLE_MODULES = YES;
				CLANG_ENABLE_OBJC_ARC = YES;
				CLANG_WARN_BLOCK_CAPTURE_AUTORELEASING = YES;
				CLANG_WARN_BOOL_CONVERSION = YES;
				CLANG_WARN_COMMA = YES;
				CLANG_WARN_CONSTANT_CONVERSION = YES;
				CLANG_WARN_DIRECT_OBJC_ISA_USAGE = YES_ERROR;
				CLANG_WARN_DOCUMENTATION_COMMENTS = YES;
				CLANG_WARN_EMPTY_BODY = YES;
				CLANG_WARN_ENUM_CONVERSION = YES;
				CLANG_WARN_INFINITE_RECURSION = YES;
				CLANG_WARN_INT_CONVERSION = YES;
				CLANG_WARN_NON_LITERAL_NULL_CONVERSION = YES;
				CLANG_WARN_OBJC_LITERAL_CONVERSION = YES;
				CLANG_WARN_OBJC_ROOT_CLASS = YES_ERROR;
				CLANG_WARN_RANGE_LOOP_ANALYSIS = YES;
				CLANG_WARN_STRICT_PROTOTYPES = YES;
				CLANG_WARN_SUSPICIOUS_MOVE = YES;
				CLANG_WARN_UNGUARDED_AVAILABILITY = YES_AGGRESSIVE;
				CLANG_WARN_UNREACHABLE_CODE = YES;
				CLANG_WARN__DUPLICATE_METHOD_MATCH = YES;
				CODE_SIGN_IDENTITY = "iPhone Developer";
				COPY_PHASE_STRIP = NO;
				DEBUG_INFORMATION_FORMAT = dwarf;
				ENABLE_STRICT_OBJC_MSGSEND = YES;
				ENABLE_TESTABILITY = YES;
				GCC_C_LANGUAGE_STANDARD = gnu11;
				GCC_DYNAMIC_NO_PIC = NO;
				GCC_NO_COMMON_BLOCKS = YES;
				GCC_OPTIMIZATION_LEVEL = 0;
				GCC_PREPROCESSOR_DEFINITIONS = (
					"DEBUG=1",
					"$(inherited)",
				);
				GCC_WARN_64_TO_32_BIT_CONVERSION = YES;
				GCC_WARN_ABOUT_RETURN_TYPE = YES_ERROR;
				GCC_WARN_UNDECLARED_SELECTOR = YES;
				GCC_WARN_UNINITIALIZED_AUTOS = YES_AGGRESSIVE;
				GCC_WARN_UNUSED_FUNCTION = YES;
				GCC_WARN_UNUSED_VARIABLE = YES;
				IPHONEOS_DEPLOYMENT_TARGET = 11.0;
				MTL_ENABLE_DEBUG_INFO = YES;
				ONLY_ACTIVE_ARCH = YES;
				SDKROOT = iphoneos;
				SWIFT_ACTIVE_COMPILATION_CONDITIONS = DEBUG;
				SWIFT_OPTIMIZATION_LEVEL = "-Onone";
			};
			name = Debug;
		};
		4C2021A81FA2434A002F7EE8 /* Release */ = {
			isa = XCBuildConfiguration;
			buildSettings = {
				ALWAYS_SEARCH_USER_PATHS = NO;
				CLANG_ANALYZER_NONNULL = YES;
				CLANG_ANALYZER_NUMBER_OBJECT_CONVERSION = YES_AGGRESSIVE;
				CLANG_CXX_LANGUAGE_STANDARD = "gnu++14";
				CLANG_CXX_LIBRARY = "libc++";
				CLANG_ENABLE_MODULES = YES;
				CLANG_ENABLE_OBJC_ARC = YES;
				CLANG_WARN_BLOCK_CAPTURE_AUTORELEASING = YES;
				CLANG_WARN_BOOL_CONVERSION = YES;
				CLANG_WARN_COMMA = YES;
				CLANG_WARN_CONSTANT_CONVERSION = YES;
				CLANG_WARN_DIRECT_OBJC_ISA_USAGE = YES_ERROR;
				CLANG_WARN_DOCUMENTATION_COMMENTS = YES;
				CLANG_WARN_EMPTY_BODY = YES;
				CLANG_WARN_ENUM_CONVERSION = YES;
				CLANG_WARN_INFINITE_RECURSION = YES;
				CLANG_WARN_INT_CONVERSION = YES;
				CLANG_WARN_NON_LITERAL_NULL_CONVERSION = YES;
				CLANG_WARN_OBJC_LITERAL_CONVERSION = YES;
				CLANG_WARN_OBJC_ROOT_CLASS = YES_ERROR;
				CLANG_WARN_RANGE_LOOP_ANALYSIS = YES;
				CLANG_WARN_STRICT_PROTOTYPES = YES;
				CLANG_WARN_SUSPICIOUS_MOVE = YES;
				CLANG_WARN_UNGUARDED_AVAILABILITY = YES_AGGRESSIVE;
				CLANG_WARN_UNREACHABLE_CODE = YES;
				CLANG_WARN__DUPLICATE_METHOD_MATCH = YES;
				CODE_SIGN_IDENTITY = "iPhone Developer";
				COPY_PHASE_STRIP = NO;
				DEBUG_INFORMATION_FORMAT = "dwarf-with-dsym";
				ENABLE_NS_ASSERTIONS = NO;
				ENABLE_STRICT_OBJC_MSGSEND = YES;
				GCC_C_LANGUAGE_STANDARD = gnu11;
				GCC_NO_COMMON_BLOCKS = YES;
				GCC_WARN_64_TO_32_BIT_CONVERSION = YES;
				GCC_WARN_ABOUT_RETURN_TYPE = YES_ERROR;
				GCC_WARN_UNDECLARED_SELECTOR = YES;
				GCC_WARN_UNINITIALIZED_AUTOS = YES_AGGRESSIVE;
				GCC_WARN_UNUSED_FUNCTION = YES;
				GCC_WARN_UNUSED_VARIABLE = YES;
				IPHONEOS_DEPLOYMENT_TARGET = 11.0;
				MTL_ENABLE_DEBUG_INFO = NO;
				SDKROOT = iphoneos;
				SWIFT_OPTIMIZATION_LEVEL = "-Owholemodule";
				VALIDATE_PRODUCT = YES;
			};
			name = Release;
		};
		4C2021AA1FA2434A002F7EE8 /* Debug */ = {
			isa = XCBuildConfiguration;
			buildSettings = {
				ASSETCATALOG_COMPILER_APPICON_NAME = AppIcon;
				CODE_SIGN_STYLE = Automatic;
				DEVELOPMENT_TEAM = 278RE9W4W7;
				INFOPLIST_FILE = G57L10/Info.plist;
				LD_RUNPATH_SEARCH_PATHS = "$(inherited) @executable_path/Frameworks";
				PRODUCT_BUNDLE_IDENTIFIER = smoosh.ivan.G57L10;
				PRODUCT_NAME = "$(TARGET_NAME)";
				SWIFT_VERSION = 4.0;
				TARGETED_DEVICE_FAMILY = "1,2";
			};
			name = Debug;
		};
		4C2021AB1FA2434A002F7EE8 /* Release */ = {
			isa = XCBuildConfiguration;
			buildSettings = {
				ASSETCATALOG_COMPILER_APPICON_NAME = AppIcon;
				CODE_SIGN_STYLE = Automatic;
				DEVELOPMENT_TEAM = 278RE9W4W7;
				INFOPLIST_FILE = G57L10/Info.plist;
				LD_RUNPATH_SEARCH_PATHS = "$(inherited) @executable_path/Frameworks";
				PRODUCT_BUNDLE_IDENTIFIER = smoosh.ivan.G57L10;
				PRODUCT_NAME = "$(TARGET_NAME)";
				SWIFT_VERSION = 4.0;
				TARGETED_DEVICE_FAMILY = "1,2";
			};
			name = Release;
		};
/* End XCBuildConfiguration section */

/* Begin XCConfigurationList section */
		4C2021921FA2434A002F7EE8 /* Build configuration list for PBXProject "G57L10" */ = {
			isa = XCConfigurationList;
			buildConfigurations = (
				4C2021A71FA2434A002F7EE8 /* Debug */,
				4C2021A81FA2434A002F7EE8 /* Release */,
			);
			defaultConfigurationIsVisible = 0;
			defaultConfigurationName = Release;
		};
		4C2021A91FA2434A002F7EE8 /* Build configuration list for PBXNativeTarget "G57L10" */ = {
			isa = XCConfigurationList;
			buildConfigurations = (
				4C2021AA1FA2434A002F7EE8 /* Debug */,
				4C2021AB1FA2434A002F7EE8 /* Release */,
			);
			defaultConfigurationIsVisible = 0;
			defaultConfigurationName = Release;
		};
/* End XCConfigurationList section */
	};
	rootObject = 4C20218F1FA2434A002F7EE8 /* Project object */;
}
